// !$*UTF8*$!
{
	archiveVersion = 1;
	classes = {
	};
	objectVersion = 46;
	objects = {

/* Begin PBXAggregateTarget section */
		659F701410F7038600822900 /* Create distribution file */ = {
			isa = PBXAggregateTarget;
			buildConfigurationList = 659F701710F703A500822900 /* Build configuration list for PBXAggregateTarget "Create distribution file" */;
			buildPhases = (
				659F701310F7038600822900 /* ShellScript */,
			);
			dependencies = (
				659F70D010F858E500822900 /* PBXTargetDependency */,
			);
			name = "Create distribution file";
			productName = "Dmg results";
		};
/* End PBXAggregateTarget section */

/* Begin PBXBuildFile section */
		650E72B610AADB7500CE8A8E /* XmlParserTests.m in Sources */ = {isa = PBXBuildFile; fileRef = 650E72B510AADB7500CE8A8E /* XmlParserTests.m */; };
		65160801109A9D17002BE0D0 /* DCXmlAttribute.h in Headers */ = {isa = PBXBuildFile; fileRef = 651607FE109A9D17002BE0D0 /* DCXmlAttribute.h */; settings = {ATTRIBUTES = (Public, ); }; };
		65160802109A9D17002BE0D0 /* DCXmlAttribute.m in Sources */ = {isa = PBXBuildFile; fileRef = 651607FF109A9D17002BE0D0 /* DCXmlAttribute.m */; };
		6516081A109AA0FF002BE0D0 /* XmlAttributeTests.m in Sources */ = {isa = PBXBuildFile; fileRef = 65160817109AA0FF002BE0D0 /* XmlAttributeTests.m */; };
		65160995109B0C8A002BE0D0 /* DCXmlDocument.h in Headers */ = {isa = PBXBuildFile; fileRef = 65160992109B0C8A002BE0D0 /* DCXmlDocument.h */; settings = {ATTRIBUTES = (Public, ); }; };
		65160996109B0C8A002BE0D0 /* DCXmlDocument.m in Sources */ = {isa = PBXBuildFile; fileRef = 65160993109B0C8A002BE0D0 /* DCXmlDocument.m */; };
		65320BAF10BCF0230056BDDF /* DCXmlDocumentParserDelegate.h in Headers */ = {isa = PBXBuildFile; fileRef = 65320BAD10BCF0230056BDDF /* DCXmlDocumentParserDelegate.h */; settings = {ATTRIBUTES = (Public, ); }; };
		65320BB010BCF0230056BDDF /* DCXmlDocumentParserDelegate.m in Sources */ = {isa = PBXBuildFile; fileRef = 65320BAE10BCF0230056BDDF /* DCXmlDocumentParserDelegate.m */; };
		6532522810BE4DFE00007475 /* SoapWebserviceConnectionTests.m in Sources */ = {isa = PBXBuildFile; fileRef = 6532522710BE4DFE00007475 /* SoapWebserviceConnectionTests.m */; };
		654EE4C110FB63F70023F57D /* CoreGraphics.framework in Frameworks */ = {isa = PBXBuildFile; fileRef = 654EE4C010FB63F70023F57D /* CoreGraphics.framework */; };
		654EE4C310FB63F70023F57D /* Foundation.framework in Frameworks */ = {isa = PBXBuildFile; fileRef = 654EE4C210FB63F70023F57D /* Foundation.framework */; };
		654EE4C510FB63F70023F57D /* UIKit.framework in Frameworks */ = {isa = PBXBuildFile; fileRef = 654EE4C410FB63F70023F57D /* UIKit.framework */; };
		654EE4C610FB64220023F57D /* OCMock.framework in Frameworks */ = {isa = PBXBuildFile; fileRef = 65B947DA10CE214E00F7B4D4 /* OCMock.framework */; };
		654EE4ED10FB64760023F57D /* libGHUnitIPhone3_0.a in Frameworks */ = {isa = PBXBuildFile; fileRef = 655E14DD10CE0B8000D8E6D1 /* libGHUnitIPhone3_0.a */; };
		654EE4EF10FB64CC0023F57D /* OCMock.framework in CopyFiles */ = {isa = PBXBuildFile; fileRef = 65B947DA10CE214E00F7B4D4 /* OCMock.framework */; };
		654EE4FB10FB671B0023F57D /* UrlConnectionIntegrationTests.m in Sources */ = {isa = PBXBuildFile; fileRef = 655E114610CCC4A400D8E6D1 /* UrlConnectionIntegrationTests.m */; };
		654EE4FC10FB67240023F57D /* SoapWebserviceIntegrationTests.m in Sources */ = {isa = PBXBuildFile; fileRef = 655E111710CCC1E500D8E6D1 /* SoapWebserviceIntegrationTests.m */; };
		654EE4FD10FB678E0023F57D /* DCDMNode.m in Sources */ = {isa = PBXBuildFile; fileRef = 65F07E4F10D5E7AE0057AD6C /* DCDMNode.m */; };
		654EE4FE10FB678E0023F57D /* DCTextNode.m in Sources */ = {isa = PBXBuildFile; fileRef = 65894D1D10D515F500AF89C0 /* DCTextNode.m */; };
		654EE4FF10FB678E0023F57D /* DCXmlAttribute.m in Sources */ = {isa = PBXBuildFile; fileRef = 651607FF109A9D17002BE0D0 /* DCXmlAttribute.m */; };
		654EE50010FB678E0023F57D /* DCXmlDocument.m in Sources */ = {isa = PBXBuildFile; fileRef = 65160993109B0C8A002BE0D0 /* DCXmlDocument.m */; };
		654EE50110FB678E0023F57D /* DCXmlNamespace.m in Sources */ = {isa = PBXBuildFile; fileRef = 65F7480F10BB9B330030ABA4 /* DCXmlNamespace.m */; };
		654EE50210FB678E0023F57D /* DCXmlNode.m in Sources */ = {isa = PBXBuildFile; fileRef = 65894D3110D51A8D00AF89C0 /* DCXmlNode.m */; };
		654EE50310FB678E0023F57D /* NSObject+SoapTemplates.m in Sources */ = {isa = PBXBuildFile; fileRef = 65C4F72110C8BA5F009DB40E /* NSObject+SoapTemplates.m */; };
		654EE50410FB678E0023F57D /* DCNoSecurity.m in Sources */ = {isa = PBXBuildFile; fileRef = 65C4F68310C8A1DE009DB40E /* DCNoSecurity.m */; };
		654EE50510FB678E0023F57D /* DCSecurity.m in Sources */ = {isa = PBXBuildFile; fileRef = 65C4F82D10C8DEC1009DB40E /* DCSecurity.m */; };
		654EE50610FB678E0023F57D /* DCUseridPasswordSecurity.m in Sources */ = {isa = PBXBuildFile; fileRef = 65C4F6E810C8B69E009DB40E /* DCUseridPasswordSecurity.m */; };
		654EE50710FB678E0023F57D /* UrlConnection+NSURLConnectionDelegate.m in Sources */ = {isa = PBXBuildFile; fileRef = 655E11D910CCCFEE00D8E6D1 /* UrlConnection+NSURLConnectionDelegate.m */; };
		654EE50810FB678E0023F57D /* DCUrlConnection.m in Sources */ = {isa = PBXBuildFile; fileRef = 65BB81AA10CC82D900959C05 /* DCUrlConnection.m */; };
		654EE50C10FB678E0023F57D /* DCWebServiceResponse.m in Sources */ = {isa = PBXBuildFile; fileRef = 65FC480F10BE2EA90094492E /* DCWebServiceResponse.m */; };
		654EE50D10FB678E0023F57D /* DCXmlDocumentParserDelegate.m in Sources */ = {isa = PBXBuildFile; fileRef = 65320BAE10BCF0230056BDDF /* DCXmlDocumentParserDelegate.m */; };
		654EE50F10FB678E0023F57D /* DCXmlSubtreeParserDelegate.m in Sources */ = {isa = PBXBuildFile; fileRef = 65DAB53510B179CE00207E87 /* DCXmlSubtreeParserDelegate.m */; };
		654EE51010FB678E0023F57D /* DCSoapWebServiceConnection.m in Sources */ = {isa = PBXBuildFile; fileRef = 65FC480A10BE2C790094492E /* DCSoapWebServiceConnection.m */; };
		654EE51110FB678E0023F57D /* DCXmlParser.m in Sources */ = {isa = PBXBuildFile; fileRef = 65F4613910941768008AF68E /* DCXmlParser.m */; };
		655E114D10CCC52B00D8E6D1 /* UrlConnectionTests.m in Sources */ = {isa = PBXBuildFile; fileRef = 655E110010CCAFCC00D8E6D1 /* UrlConnectionTests.m */; };
		655E114F10CCC55A00D8E6D1 /* DCUseridPasswordSecurity.m in Sources */ = {isa = PBXBuildFile; fileRef = 65C4F6E810C8B69E009DB40E /* DCUseridPasswordSecurity.m */; };
		655E115010CCC55A00D8E6D1 /* DCUseridPasswordSecurity.h in Headers */ = {isa = PBXBuildFile; fileRef = 65C4F6E710C8B69E009DB40E /* DCUseridPasswordSecurity.h */; settings = {ATTRIBUTES = (Public, ); }; };
		655E147510CE06C500D8E6D1 /* UrlConnection+NSURLConnectionDelegateTests.m in Sources */ = {isa = PBXBuildFile; fileRef = 655E147410CE06C500D8E6D1 /* UrlConnection+NSURLConnectionDelegateTests.m */; };
		655E14E010CE0B8000D8E6D1 /* GHUnitIPhoneTestMain.m in Sources */ = {isa = PBXBuildFile; fileRef = 655E14DB10CE0B8000D8E6D1 /* GHUnitIPhoneTestMain.m */; };
		655E153910CE0DE100D8E6D1 /* UIKit.framework in Frameworks */ = {isa = PBXBuildFile; fileRef = 655E14F710CE0D7F00D8E6D1 /* UIKit.framework */; };
		655E153A10CE0DEF00D8E6D1 /* libGHUnitIPhone3_0.a in Frameworks */ = {isa = PBXBuildFile; fileRef = 655E14DD10CE0B8000D8E6D1 /* libGHUnitIPhone3_0.a */; };
		656047D411046FA300BE761F /* ChangeLog.markdown in CopyFiles */ = {isa = PBXBuildFile; fileRef = 654EE4AD10FB5CF60023F57D /* ChangeLog.markdown */; };
		656049F311047D0400BE761F /* NSError+SoapFault.m in Sources */ = {isa = PBXBuildFile; fileRef = 656049F211047D0400BE761F /* NSError+SoapFault.m */; };
		656049F411047D0400BE761F /* NSError+SoapFault.h in Headers */ = {isa = PBXBuildFile; fileRef = 656049F111047D0400BE761F /* NSError+SoapFault.h */; };
		656049F511047D0400BE761F /* NSError+SoapFault.m in Sources */ = {isa = PBXBuildFile; fileRef = 656049F211047D0400BE761F /* NSError+SoapFault.m */; };
		656049F611047D0400BE761F /* NSError+SoapFault.m in Sources */ = {isa = PBXBuildFile; fileRef = 656049F211047D0400BE761F /* NSError+SoapFault.m */; };
		6568477B10D669080031C348 /* TextNodeTests.m in Sources */ = {isa = PBXBuildFile; fileRef = 6568477910D669080031C348 /* TextNodeTests.m */; };
		6568478D10D66A6D0031C348 /* XmlNamespaceTests.m in Sources */ = {isa = PBXBuildFile; fileRef = 6568478B10D66A6D0031C348 /* XmlNamespaceTests.m */; };
		6568497310D73EA60031C348 /* UrlConnection+NSURLConnectionDelegate.m in Sources */ = {isa = PBXBuildFile; fileRef = 655E11D910CCCFEE00D8E6D1 /* UrlConnection+NSURLConnectionDelegate.m */; };
		6568497510D73EA70031C348 /* DCSecurity.m in Sources */ = {isa = PBXBuildFile; fileRef = 65C4F82D10C8DEC1009DB40E /* DCSecurity.m */; };
		6568497610D73EA80031C348 /* DCDMNode.m in Sources */ = {isa = PBXBuildFile; fileRef = 65F07E4F10D5E7AE0057AD6C /* DCDMNode.m */; };
		6568497710D73EA90031C348 /* DCTextNode.m in Sources */ = {isa = PBXBuildFile; fileRef = 65894D1D10D515F500AF89C0 /* DCTextNode.m */; };
		6568497810D73EA90031C348 /* DCXmlParser.m in Sources */ = {isa = PBXBuildFile; fileRef = 65F4613910941768008AF68E /* DCXmlParser.m */; };
		6568497910D73EAA0031C348 /* DCWebServiceResponse.m in Sources */ = {isa = PBXBuildFile; fileRef = 65FC480F10BE2EA90094492E /* DCWebServiceResponse.m */; };
		6568497A10D73EAA0031C348 /* DCUrlConnection.m in Sources */ = {isa = PBXBuildFile; fileRef = 65BB81AA10CC82D900959C05 /* DCUrlConnection.m */; };
		6568497B10D73EAB0031C348 /* DCXmlNamespace.m in Sources */ = {isa = PBXBuildFile; fileRef = 65F7480F10BB9B330030ABA4 /* DCXmlNamespace.m */; };
		6568497C10D73EAD0031C348 /* DCUseridPasswordSecurity.m in Sources */ = {isa = PBXBuildFile; fileRef = 65C4F6E810C8B69E009DB40E /* DCUseridPasswordSecurity.m */; };
		6568497D10D73EAD0031C348 /* NSObject+SoapTemplates.m in Sources */ = {isa = PBXBuildFile; fileRef = 65C4F72110C8BA5F009DB40E /* NSObject+SoapTemplates.m */; };
		6568497E10D73EAE0031C348 /* DCXmlDocumentParserDelegate.m in Sources */ = {isa = PBXBuildFile; fileRef = 65320BAE10BCF0230056BDDF /* DCXmlDocumentParserDelegate.m */; };
		6568497F10D73EAE0031C348 /* DCXmlAttribute.m in Sources */ = {isa = PBXBuildFile; fileRef = 651607FF109A9D17002BE0D0 /* DCXmlAttribute.m */; };
		6568498010D73EAF0031C348 /* DCXmlNode.m in Sources */ = {isa = PBXBuildFile; fileRef = 65894D3110D51A8D00AF89C0 /* DCXmlNode.m */; };
		6568498110D73EB00031C348 /* DCNoSecurity.m in Sources */ = {isa = PBXBuildFile; fileRef = 65C4F68310C8A1DE009DB40E /* DCNoSecurity.m */; };
		6568498310D73EB20031C348 /* DCSoapWebServiceConnection.m in Sources */ = {isa = PBXBuildFile; fileRef = 65FC480A10BE2C790094492E /* DCSoapWebServiceConnection.m */; };
		6568498410D73EB30031C348 /* DCXmlDocument.m in Sources */ = {isa = PBXBuildFile; fileRef = 65160993109B0C8A002BE0D0 /* DCXmlDocument.m */; };
		6568498510D73EB40031C348 /* DCXmlSubtreeParserDelegate.m in Sources */ = {isa = PBXBuildFile; fileRef = 65DAB53510B179CE00207E87 /* DCXmlSubtreeParserDelegate.m */; };
		65894D1E10D515F500AF89C0 /* DCTextNode.h in Headers */ = {isa = PBXBuildFile; fileRef = 65894D1C10D515F500AF89C0 /* DCTextNode.h */; settings = {ATTRIBUTES = (Public, ); }; };
		65894D1F10D515F500AF89C0 /* DCTextNode.m in Sources */ = {isa = PBXBuildFile; fileRef = 65894D1D10D515F500AF89C0 /* DCTextNode.m */; };
		65894D3210D51A8D00AF89C0 /* DCXmlNode.h in Headers */ = {isa = PBXBuildFile; fileRef = 65894D3010D51A8D00AF89C0 /* DCXmlNode.h */; settings = {ATTRIBUTES = (Public, ); }; };
		65894D3310D51A8D00AF89C0 /* DCXmlNode.m in Sources */ = {isa = PBXBuildFile; fileRef = 65894D3110D51A8D00AF89C0 /* DCXmlNode.m */; };
		659F700C10F7027600822900 /* ReadMe.markdown in CopyFiles */ = {isa = PBXBuildFile; fileRef = 659F700610F7024600822900 /* ReadMe.markdown */; };
		65B947DB10CE214E00F7B4D4 /* OCMock.framework in Frameworks */ = {isa = PBXBuildFile; fileRef = 65B947DA10CE214E00F7B4D4 /* OCMock.framework */; };
		65B947DE10CE215A00F7B4D4 /* OCMock.framework in CopyFiles */ = {isa = PBXBuildFile; fileRef = 65B947DA10CE214E00F7B4D4 /* OCMock.framework */; };
		65BB81AC10CC82D900959C05 /* DCUrlConnection.h in Headers */ = {isa = PBXBuildFile; fileRef = 65BB81A910CC82D900959C05 /* DCUrlConnection.h */; settings = {ATTRIBUTES = (Public, ); }; };
		65BB81AD10CC82D900959C05 /* DCUrlConnection.m in Sources */ = {isa = PBXBuildFile; fileRef = 65BB81AA10CC82D900959C05 /* DCUrlConnection.m */; };
		65BCF50710FC2D7400540193 /* GHUnitIPhoneTestMain.m in Sources */ = {isa = PBXBuildFile; fileRef = 655E14DB10CE0B8000D8E6D1 /* GHUnitIPhoneTestMain.m */; };
		65C4F66110C8923D009DB40E /* DCSecurity.h in Headers */ = {isa = PBXBuildFile; fileRef = 65C4F65F10C8923D009DB40E /* DCSecurity.h */; settings = {ATTRIBUTES = (Public, ); }; };
		65C4F68410C8A1DE009DB40E /* DCNoSecurity.h in Headers */ = {isa = PBXBuildFile; fileRef = 65C4F68210C8A1DE009DB40E /* DCNoSecurity.h */; settings = {ATTRIBUTES = (Public, ); }; };
		65C4F68510C8A1DE009DB40E /* DCNoSecurity.m in Sources */ = {isa = PBXBuildFile; fileRef = 65C4F68310C8A1DE009DB40E /* DCNoSecurity.m */; };
		65C4F6B510C8B3DB009DB40E /* SecurityTests.m in Sources */ = {isa = PBXBuildFile; fileRef = 65C4F6B410C8B3DB009DB40E /* SecurityTests.m */; };
		65C4F71410C8B856009DB40E /* UseridPasswordSecurityTests.m in Sources */ = {isa = PBXBuildFile; fileRef = 65C4F71310C8B856009DB40E /* UseridPasswordSecurityTests.m */; };
		65C4F72310C8BA5F009DB40E /* NSObject+SoapTemplates.h in Headers */ = {isa = PBXBuildFile; fileRef = 65C4F72010C8BA5F009DB40E /* NSObject+SoapTemplates.h */; settings = {ATTRIBUTES = (Public, ); }; };
		65C4F72410C8BA5F009DB40E /* NSObject+SoapTemplates.m in Sources */ = {isa = PBXBuildFile; fileRef = 65C4F72110C8BA5F009DB40E /* NSObject+SoapTemplates.m */; };
		65C4F82E10C8DEC1009DB40E /* DCSecurity.m in Sources */ = {isa = PBXBuildFile; fileRef = 65C4F82D10C8DEC1009DB40E /* DCSecurity.m */; };
		65CA5B891105681100BAB73A /* License.markdown in CopyFiles */ = {isa = PBXBuildFile; fileRef = 65CA5B82110566ED00BAB73A /* License.markdown */; };
		65CA5BC11105872D00BAB73A /* NSError+SoapFaultTests.m in Sources */ = {isa = PBXBuildFile; fileRef = 65CA5BC01105872D00BAB73A /* NSError+SoapFaultTests.m */; };
		65D0923010B92B2E0061CC61 /* XmlDocumentParserDelegateTests.m in Sources */ = {isa = PBXBuildFile; fileRef = 65D0922D10B92B2E0061CC61 /* XmlDocumentParserDelegateTests.m */; };
		65D0951610BA435A0061CC61 /* dXml.h in Headers */ = {isa = PBXBuildFile; fileRef = 65D0951510BA435A0061CC61 /* dXml.h */; settings = {ATTRIBUTES = (Public, ); }; };
		65D4AACA10D21FCA003E356D /* CoreGraphics.framework in Frameworks */ = {isa = PBXBuildFile; fileRef = 65E647EC10955FCA0055AA46 /* CoreGraphics.framework */; };
		65D4AB1810D21FD4003E356D /* Foundation.framework in Frameworks */ = {isa = PBXBuildFile; fileRef = AACBBE490F95108600F1A2B1 /* Foundation.framework */; };
		65D4ABD210D512C0003E356D /* DCDMNode.h in Headers */ = {isa = PBXBuildFile; fileRef = 65D4ABD110D512C0003E356D /* DCDMNode.h */; settings = {ATTRIBUTES = (Public, ); }; };
		65DAB53710B179CE00207E87 /* DCXmlSubtreeParserDelegate.h in Headers */ = {isa = PBXBuildFile; fileRef = 65DAB53410B179CE00207E87 /* DCXmlSubtreeParserDelegate.h */; settings = {ATTRIBUTES = (Public, ); }; };
		65DAB53810B179CE00207E87 /* DCXmlSubtreeParserDelegate.m in Sources */ = {isa = PBXBuildFile; fileRef = 65DAB53510B179CE00207E87 /* DCXmlSubtreeParserDelegate.m */; };
		65E6488D1095B7A40055AA46 /* XmlNodeTests.m in Sources */ = {isa = PBXBuildFile; fileRef = 65F461501094190D008AF68E /* XmlNodeTests.m */; };
		65F07E2C10D5E6E30057AD6C /* UrlConnection+NSURLConnectionDelegate.h in Headers */ = {isa = PBXBuildFile; fileRef = 655E11D810CCCFEE00D8E6D1 /* UrlConnection+NSURLConnectionDelegate.h */; settings = {ATTRIBUTES = (Public, ); }; };
		65F07E2D10D5E6E30057AD6C /* UrlConnection+NSURLConnectionDelegate.m in Sources */ = {isa = PBXBuildFile; fileRef = 655E11D910CCCFEE00D8E6D1 /* UrlConnection+NSURLConnectionDelegate.m */; };
		65F07E5010D5E7AE0057AD6C /* DCDMNode.m in Sources */ = {isa = PBXBuildFile; fileRef = 65F07E4F10D5E7AE0057AD6C /* DCDMNode.m */; };
		65F4613810941762008AF68E /* DCXmlParser.h in Headers */ = {isa = PBXBuildFile; fileRef = 65F4613710941762008AF68E /* DCXmlParser.h */; settings = {ATTRIBUTES = (Public, ); }; };
		65F4613B10941768008AF68E /* DCXmlParser.m in Sources */ = {isa = PBXBuildFile; fileRef = 65F4613910941768008AF68E /* DCXmlParser.m */; };
		65F7481010BB9B330030ABA4 /* DCXmlNamespace.h in Headers */ = {isa = PBXBuildFile; fileRef = 65F7480E10BB9B330030ABA4 /* DCXmlNamespace.h */; settings = {ATTRIBUTES = (Public, ); }; };
		65F7481110BB9B330030ABA4 /* DCXmlNamespace.m in Sources */ = {isa = PBXBuildFile; fileRef = 65F7480F10BB9B330030ABA4 /* DCXmlNamespace.m */; };
		65FC46D810BDF68E0094492E /* XmlSubtreeParserDelegateTests.m in Sources */ = {isa = PBXBuildFile; fileRef = 65FC46D610BDF68E0094492E /* XmlSubtreeParserDelegateTests.m */; };
		65FC480B10BE2C790094492E /* DCSoapWebServiceConnection.h in Headers */ = {isa = PBXBuildFile; fileRef = 65FC480910BE2C790094492E /* DCSoapWebServiceConnection.h */; settings = {ATTRIBUTES = (Public, ); }; };
		65FC480C10BE2C790094492E /* DCSoapWebServiceConnection.m in Sources */ = {isa = PBXBuildFile; fileRef = 65FC480A10BE2C790094492E /* DCSoapWebServiceConnection.m */; };
		65FC481010BE2EA90094492E /* DCWebServiceResponse.h in Headers */ = {isa = PBXBuildFile; fileRef = 65FC480E10BE2EA90094492E /* DCWebServiceResponse.h */; settings = {ATTRIBUTES = (Public, ); }; };
		65FC481110BE2EA90094492E /* DCWebServiceResponse.m in Sources */ = {isa = PBXBuildFile; fileRef = 65FC480F10BE2EA90094492E /* DCWebServiceResponse.m */; };
		65FC482110BE30850094492E /* WebServiceResponseTests.m in Sources */ = {isa = PBXBuildFile; fileRef = 65FC482010BE30850094492E /* WebServiceResponseTests.m */; };
		AA747D9F0F9514B9006C5449 /* dXml_Prefix.pch in Headers */ = {isa = PBXBuildFile; fileRef = AA747D9E0F9514B9006C5449 /* dXml_Prefix.pch */; settings = {ATTRIBUTES = (Public, ); }; };
		AACBBE4A0F95108600F1A2B1 /* Foundation.framework in Frameworks */ = {isa = PBXBuildFile; fileRef = AACBBE490F95108600F1A2B1 /* Foundation.framework */; };
/* End PBXBuildFile section */

/* Begin PBXContainerItemProxy section */
		654EE4BE10FB63CC0023F57D /* PBXContainerItemProxy */ = {
			isa = PBXContainerItemProxy;
			containerPortal = 0867D690FE84028FC02AAC07 /* Project object */;
			proxyType = 1;
			remoteGlobalIDString = D2AAC07D0554694100DB518D;
			remoteInfo = dXml;
		};
		656847D310D701F80031C348 /* PBXContainerItemProxy */ = {
			isa = PBXContainerItemProxy;
			containerPortal = 0867D690FE84028FC02AAC07 /* Project object */;
			proxyType = 1;
			remoteGlobalIDString = 65E646E910955DD70055AA46;
			remoteInfo = "dXml Tests";
		};
		659F70CF10F858E500822900 /* PBXContainerItemProxy */ = {
			isa = PBXContainerItemProxy;
			containerPortal = 0867D690FE84028FC02AAC07 /* Project object */;
			proxyType = 1;
			remoteGlobalIDString = 656847BE10D7000B0031C348;
			remoteInfo = Documentation;
		};
		65E646F010955DFF0055AA46 /* PBXContainerItemProxy */ = {
			isa = PBXContainerItemProxy;
			containerPortal = 0867D690FE84028FC02AAC07 /* Project object */;
			proxyType = 1;
			remoteGlobalIDString = D2AAC07D0554694100DB518D;
			remoteInfo = dXml;
		};
/* End PBXContainerItemProxy section */

/* Begin PBXCopyFilesBuildPhase section */
		6506F85E10CE13260095E6D7 /* CopyFiles */ = {
			isa = PBXCopyFilesBuildPhase;
			buildActionMask = 2147483647;
			dstPath = "";
			dstSubfolderSpec = 16;
			files = (
				65B947DE10CE215A00F7B4D4 /* OCMock.framework in CopyFiles */,
			);
			runOnlyForDeploymentPostprocessing = 0;
		};
		654EE4F010FB64EA0023F57D /* CopyFiles */ = {
			isa = PBXCopyFilesBuildPhase;
			buildActionMask = 2147483647;
			dstPath = "";
			dstSubfolderSpec = 16;
			files = (
				654EE4EF10FB64CC0023F57D /* OCMock.framework in CopyFiles */,
			);
			runOnlyForDeploymentPostprocessing = 0;
		};
		659F701210F7029000822900 /* CopyFiles */ = {
			isa = PBXCopyFilesBuildPhase;
			buildActionMask = 2147483647;
			dstPath = "";
			dstSubfolderSpec = 7;
			files = (
				65CA5B891105681100BAB73A /* License.markdown in CopyFiles */,
				656047D411046FA300BE761F /* ChangeLog.markdown in CopyFiles */,
				659F700C10F7027600822900 /* ReadMe.markdown in CopyFiles */,
			);
			runOnlyForDeploymentPostprocessing = 0;
		};
/* End PBXCopyFilesBuildPhase section */

/* Begin PBXFileReference section */
		6506F78010CE0E610095E6D7 /* GHUnit.h */ = {isa = PBXFileReference; fileEncoding = 4; lastKnownFileType = sourcecode.c.h; name = GHUnit.h; path = "../../tools/libGHUnitIPhone3_0-0/GHUnit.h"; sourceTree = SOURCE_ROOT; };
		650E72B510AADB7500CE8A8E /* XmlParserTests.m */ = {isa = PBXFileReference; fileEncoding = 4; lastKnownFileType = sourcecode.c.objc; path = XmlParserTests.m; sourceTree = "<group>"; };
		651607FE109A9D17002BE0D0 /* DCXmlAttribute.h */ = {isa = PBXFileReference; fileEncoding = 4; lastKnownFileType = sourcecode.c.h; path = DCXmlAttribute.h; sourceTree = "<group>"; };
		651607FF109A9D17002BE0D0 /* DCXmlAttribute.m */ = {isa = PBXFileReference; fileEncoding = 4; lastKnownFileType = sourcecode.c.objc; path = DCXmlAttribute.m; sourceTree = "<group>"; };
		65160817109AA0FF002BE0D0 /* XmlAttributeTests.m */ = {isa = PBXFileReference; fileEncoding = 4; lastKnownFileType = sourcecode.c.objc; path = XmlAttributeTests.m; sourceTree = "<group>"; };
		65160992109B0C8A002BE0D0 /* DCXmlDocument.h */ = {isa = PBXFileReference; fileEncoding = 4; lastKnownFileType = sourcecode.c.h; path = DCXmlDocument.h; sourceTree = "<group>"; };
		65160993109B0C8A002BE0D0 /* DCXmlDocument.m */ = {isa = PBXFileReference; fileEncoding = 4; lastKnownFileType = sourcecode.c.objc; path = DCXmlDocument.m; sourceTree = "<group>"; };
		65320BAD10BCF0230056BDDF /* DCXmlDocumentParserDelegate.h */ = {isa = PBXFileReference; fileEncoding = 4; lastKnownFileType = sourcecode.c.h; path = DCXmlDocumentParserDelegate.h; sourceTree = "<group>"; };
		65320BAE10BCF0230056BDDF /* DCXmlDocumentParserDelegate.m */ = {isa = PBXFileReference; fileEncoding = 4; lastKnownFileType = sourcecode.c.objc; path = DCXmlDocumentParserDelegate.m; sourceTree = "<group>"; };
		6532522710BE4DFE00007475 /* SoapWebserviceConnectionTests.m */ = {isa = PBXFileReference; fileEncoding = 4; lastKnownFileType = sourcecode.c.objc; path = SoapWebserviceConnectionTests.m; sourceTree = "<group>"; };
		654EE4AD10FB5CF60023F57D /* ChangeLog.markdown */ = {isa = PBXFileReference; fileEncoding = 4; lastKnownFileType = text; path = ChangeLog.markdown; sourceTree = "<group>"; };
		654EE4B810FB638B0023F57D /* dXml Integration Tests.app */ = {isa = PBXFileReference; explicitFileType = wrapper.application; includeInIndex = 0; path = "dXml Integration Tests.app"; sourceTree = BUILT_PRODUCTS_DIR; };
		654EE4C010FB63F70023F57D /* CoreGraphics.framework */ = {isa = PBXFileReference; lastKnownFileType = wrapper.framework; name = CoreGraphics.framework; path = System/Library/Frameworks/CoreGraphics.framework; sourceTree = SDKROOT; };
		654EE4C210FB63F70023F57D /* Foundation.framework */ = {isa = PBXFileReference; lastKnownFileType = wrapper.framework; name = Foundation.framework; path = System/Library/Frameworks/Foundation.framework; sourceTree = SDKROOT; };
		654EE4C410FB63F70023F57D /* UIKit.framework */ = {isa = PBXFileReference; lastKnownFileType = wrapper.framework; name = UIKit.framework; path = System/Library/Frameworks/UIKit.framework; sourceTree = SDKROOT; };
		655E110010CCAFCC00D8E6D1 /* UrlConnectionTests.m */ = {isa = PBXFileReference; fileEncoding = 4; lastKnownFileType = sourcecode.c.objc; path = UrlConnectionTests.m; sourceTree = "<group>"; };
		655E111710CCC1E500D8E6D1 /* SoapWebserviceIntegrationTests.m */ = {isa = PBXFileReference; fileEncoding = 4; lastKnownFileType = sourcecode.c.objc; name = SoapWebserviceIntegrationTests.m; path = src/tests/SoapWebserviceIntegrationTests.m; sourceTree = "<group>"; };
		655E114610CCC4A400D8E6D1 /* UrlConnectionIntegrationTests.m */ = {isa = PBXFileReference; fileEncoding = 4; lastKnownFileType = sourcecode.c.objc; name = UrlConnectionIntegrationTests.m; path = src/tests/UrlConnectionIntegrationTests.m; sourceTree = "<group>"; };
		655E114B10CCC51900D8E6D1 /* IntegrationTestDefaults.h */ = {isa = PBXFileReference; fileEncoding = 4; lastKnownFileType = sourcecode.c.h; name = IntegrationTestDefaults.h; path = src/tests/IntegrationTestDefaults.h; sourceTree = "<group>"; };
		655E11D810CCCFEE00D8E6D1 /* UrlConnection+NSURLConnectionDelegate.h */ = {isa = PBXFileReference; fileEncoding = 4; lastKnownFileType = sourcecode.c.h; path = "UrlConnection+NSURLConnectionDelegate.h"; sourceTree = "<group>"; };
		655E11D910CCCFEE00D8E6D1 /* UrlConnection+NSURLConnectionDelegate.m */ = {isa = PBXFileReference; fileEncoding = 4; lastKnownFileType = sourcecode.c.objc; path = "UrlConnection+NSURLConnectionDelegate.m"; sourceTree = "<group>"; };
		655E147410CE06C500D8E6D1 /* UrlConnection+NSURLConnectionDelegateTests.m */ = {isa = PBXFileReference; fileEncoding = 4; lastKnownFileType = sourcecode.c.objc; path = "UrlConnection+NSURLConnectionDelegateTests.m"; sourceTree = "<group>"; };
		655E14D210CE0B8000D8E6D1 /* GHAsyncTestCase.h */ = {isa = PBXFileReference; fileEncoding = 4; lastKnownFileType = sourcecode.c.h; name = GHAsyncTestCase.h; path = "../../tools/libGHUnitIPhone3_0-0/GHAsyncTestCase.h"; sourceTree = SOURCE_ROOT; };
		655E14D310CE0B8000D8E6D1 /* GHTest.h */ = {isa = PBXFileReference; fileEncoding = 4; lastKnownFileType = sourcecode.c.h; name = GHTest.h; path = "../../tools/libGHUnitIPhone3_0-0/GHTest.h"; sourceTree = SOURCE_ROOT; };
		655E14D410CE0B8000D8E6D1 /* GHTestCase.h */ = {isa = PBXFileReference; fileEncoding = 4; lastKnownFileType = sourcecode.c.h; name = GHTestCase.h; path = "../../tools/libGHUnitIPhone3_0-0/GHTestCase.h"; sourceTree = SOURCE_ROOT; };
		655E14D510CE0B8000D8E6D1 /* GHTestGroup.h */ = {isa = PBXFileReference; fileEncoding = 4; lastKnownFileType = sourcecode.c.h; name = GHTestGroup.h; path = "../../tools/libGHUnitIPhone3_0-0/GHTestGroup.h"; sourceTree = SOURCE_ROOT; };
		655E14D610CE0B8000D8E6D1 /* GHTesting.h */ = {isa = PBXFileReference; fileEncoding = 4; lastKnownFileType = sourcecode.c.h; name = GHTesting.h; path = "../../tools/libGHUnitIPhone3_0-0/GHTesting.h"; sourceTree = SOURCE_ROOT; };
		655E14D710CE0B8000D8E6D1 /* GHTestMacros.h */ = {isa = PBXFileReference; fileEncoding = 4; lastKnownFileType = sourcecode.c.h; name = GHTestMacros.h; path = "../../tools/libGHUnitIPhone3_0-0/GHTestMacros.h"; sourceTree = SOURCE_ROOT; };
		655E14D810CE0B8000D8E6D1 /* GHTestRunner.h */ = {isa = PBXFileReference; fileEncoding = 4; lastKnownFileType = sourcecode.c.h; name = GHTestRunner.h; path = "../../tools/libGHUnitIPhone3_0-0/GHTestRunner.h"; sourceTree = SOURCE_ROOT; };
		655E14D910CE0B8000D8E6D1 /* GHTestSuite.h */ = {isa = PBXFileReference; fileEncoding = 4; lastKnownFileType = sourcecode.c.h; name = GHTestSuite.h; path = "../../tools/libGHUnitIPhone3_0-0/GHTestSuite.h"; sourceTree = SOURCE_ROOT; };
		655E14DA10CE0B8000D8E6D1 /* GHUnitIPhoneAppDelegate.h */ = {isa = PBXFileReference; fileEncoding = 4; lastKnownFileType = sourcecode.c.h; name = GHUnitIPhoneAppDelegate.h; path = "../../tools/libGHUnitIPhone3_0-0/GHUnitIPhoneAppDelegate.h"; sourceTree = SOURCE_ROOT; };
		655E14DB10CE0B8000D8E6D1 /* GHUnitIPhoneTestMain.m */ = {isa = PBXFileReference; fileEncoding = 4; lastKnownFileType = sourcecode.c.objc; name = GHUnitIPhoneTestMain.m; path = "../../tools/libGHUnitIPhone3_0-0/GHUnitIPhoneTestMain.m"; sourceTree = SOURCE_ROOT; };
		655E14DC10CE0B8000D8E6D1 /* GHUNSObject+Swizzle.h */ = {isa = PBXFileReference; fileEncoding = 4; lastKnownFileType = sourcecode.c.h; name = "GHUNSObject+Swizzle.h"; path = "../../tools/libGHUnitIPhone3_0-0/GHUNSObject+Swizzle.h"; sourceTree = SOURCE_ROOT; };
		655E14DD10CE0B8000D8E6D1 /* libGHUnitIPhone3_0.a */ = {isa = PBXFileReference; lastKnownFileType = archive.ar; name = libGHUnitIPhone3_0.a; path = "../../tools/libGHUnitIPhone3_0-0/libGHUnitIPhone3_0.a"; sourceTree = SOURCE_ROOT; };
		655E14DE10CE0B8000D8E6D1 /* NSException+GHTestFailureExceptions.h */ = {isa = PBXFileReference; fileEncoding = 4; lastKnownFileType = sourcecode.c.h; name = "NSException+GHTestFailureExceptions.h"; path = "../../tools/libGHUnitIPhone3_0-0/NSException+GHTestFailureExceptions.h"; sourceTree = SOURCE_ROOT; };
		655E14DF10CE0B8000D8E6D1 /* NSValue+GHValueFormatter.h */ = {isa = PBXFileReference; fileEncoding = 4; lastKnownFileType = sourcecode.c.h; name = "NSValue+GHValueFormatter.h"; path = "../../tools/libGHUnitIPhone3_0-0/NSValue+GHValueFormatter.h"; sourceTree = SOURCE_ROOT; };
		655E14F710CE0D7F00D8E6D1 /* UIKit.framework */ = {isa = PBXFileReference; lastKnownFileType = wrapper.framework; name = UIKit.framework; path = System/Library/Frameworks/UIKit.framework; sourceTree = SDKROOT; };
		656049F111047D0400BE761F /* NSError+SoapFault.h */ = {isa = PBXFileReference; fileEncoding = 4; lastKnownFileType = sourcecode.c.h; path = "NSError+SoapFault.h"; sourceTree = "<group>"; };
		656049F211047D0400BE761F /* NSError+SoapFault.m */ = {isa = PBXFileReference; fileEncoding = 4; lastKnownFileType = sourcecode.c.objc; path = "NSError+SoapFault.m"; sourceTree = "<group>"; };
		6568477910D669080031C348 /* TextNodeTests.m */ = {isa = PBXFileReference; fileEncoding = 4; lastKnownFileType = sourcecode.c.objc; path = TextNodeTests.m; sourceTree = "<group>"; };
		6568478B10D66A6D0031C348 /* XmlNamespaceTests.m */ = {isa = PBXFileReference; fileEncoding = 4; lastKnownFileType = sourcecode.c.objc; path = XmlNamespaceTests.m; sourceTree = "<group>"; };
		65894D1C10D515F500AF89C0 /* DCTextNode.h */ = {isa = PBXFileReference; fileEncoding = 4; lastKnownFileType = sourcecode.c.h; path = DCTextNode.h; sourceTree = "<group>"; };
		65894D1D10D515F500AF89C0 /* DCTextNode.m */ = {isa = PBXFileReference; fileEncoding = 4; lastKnownFileType = sourcecode.c.objc; path = DCTextNode.m; sourceTree = "<group>"; };
		65894D3010D51A8D00AF89C0 /* DCXmlNode.h */ = {isa = PBXFileReference; fileEncoding = 4; lastKnownFileType = sourcecode.c.h; path = DCXmlNode.h; sourceTree = "<group>"; };
		65894D3110D51A8D00AF89C0 /* DCXmlNode.m */ = {isa = PBXFileReference; fileEncoding = 4; lastKnownFileType = sourcecode.c.objc; path = DCXmlNode.m; sourceTree = "<group>"; };
		659F700610F7024600822900 /* ReadMe.markdown */ = {isa = PBXFileReference; fileEncoding = 4; lastKnownFileType = text; path = ReadMe.markdown; sourceTree = "<group>"; };
		65B947DA10CE214E00F7B4D4 /* OCMock.framework */ = {isa = PBXFileReference; lastKnownFileType = wrapper.framework; name = OCMock.framework; path = "/Users/derek/tools/OCMock 1.55/OCMock.framework"; sourceTree = "<absolute>"; };
		65BB81A910CC82D900959C05 /* DCUrlConnection.h */ = {isa = PBXFileReference; fileEncoding = 4; lastKnownFileType = sourcecode.c.h; path = DCUrlConnection.h; sourceTree = "<group>"; };
		65BB81AA10CC82D900959C05 /* DCUrlConnection.m */ = {isa = PBXFileReference; fileEncoding = 4; lastKnownFileType = sourcecode.c.objc; path = DCUrlConnection.m; sourceTree = "<group>"; };
		65C4F65F10C8923D009DB40E /* DCSecurity.h */ = {isa = PBXFileReference; fileEncoding = 4; lastKnownFileType = sourcecode.c.h; path = DCSecurity.h; sourceTree = "<group>"; };
		65C4F68210C8A1DE009DB40E /* DCNoSecurity.h */ = {isa = PBXFileReference; fileEncoding = 4; lastKnownFileType = sourcecode.c.h; path = DCNoSecurity.h; sourceTree = "<group>"; };
		65C4F68310C8A1DE009DB40E /* DCNoSecurity.m */ = {isa = PBXFileReference; fileEncoding = 4; lastKnownFileType = sourcecode.c.objc; path = DCNoSecurity.m; sourceTree = "<group>"; };
		65C4F6B410C8B3DB009DB40E /* SecurityTests.m */ = {isa = PBXFileReference; fileEncoding = 4; lastKnownFileType = sourcecode.c.objc; path = SecurityTests.m; sourceTree = "<group>"; };
		65C4F6E710C8B69E009DB40E /* DCUseridPasswordSecurity.h */ = {isa = PBXFileReference; fileEncoding = 4; lastKnownFileType = sourcecode.c.h; path = DCUseridPasswordSecurity.h; sourceTree = "<group>"; };
		65C4F6E810C8B69E009DB40E /* DCUseridPasswordSecurity.m */ = {isa = PBXFileReference; fileEncoding = 4; lastKnownFileType = sourcecode.c.objc; path = DCUseridPasswordSecurity.m; sourceTree = "<group>"; };
		65C4F71310C8B856009DB40E /* UseridPasswordSecurityTests.m */ = {isa = PBXFileReference; fileEncoding = 4; lastKnownFileType = sourcecode.c.objc; path = UseridPasswordSecurityTests.m; sourceTree = "<group>"; };
		65C4F72010C8BA5F009DB40E /* NSObject+SoapTemplates.h */ = {isa = PBXFileReference; fileEncoding = 4; lastKnownFileType = sourcecode.c.h; path = "NSObject+SoapTemplates.h"; sourceTree = "<group>"; };
		65C4F72110C8BA5F009DB40E /* NSObject+SoapTemplates.m */ = {isa = PBXFileReference; fileEncoding = 4; lastKnownFileType = sourcecode.c.objc; path = "NSObject+SoapTemplates.m"; sourceTree = "<group>"; };
		65C4F82D10C8DEC1009DB40E /* DCSecurity.m */ = {isa = PBXFileReference; fileEncoding = 4; lastKnownFileType = sourcecode.c.objc; path = DCSecurity.m; sourceTree = "<group>"; };
		65CA5B82110566ED00BAB73A /* License.markdown */ = {isa = PBXFileReference; fileEncoding = 4; lastKnownFileType = text; path = License.markdown; sourceTree = "<group>"; };
		65CA5BC01105872D00BAB73A /* NSError+SoapFaultTests.m */ = {isa = PBXFileReference; fileEncoding = 4; lastKnownFileType = sourcecode.c.objc; path = "NSError+SoapFaultTests.m"; sourceTree = "<group>"; };
		65D0922D10B92B2E0061CC61 /* XmlDocumentParserDelegateTests.m */ = {isa = PBXFileReference; fileEncoding = 4; lastKnownFileType = sourcecode.c.objc; path = XmlDocumentParserDelegateTests.m; sourceTree = "<group>"; };
		65D0951510BA435A0061CC61 /* dXml.h */ = {isa = PBXFileReference; fileEncoding = 4; lastKnownFileType = sourcecode.c.h; path = dXml.h; sourceTree = "<group>"; };
		65D4AA4510D20FA7003E356D /* docset.plist */ = {isa = PBXFileReference; fileEncoding = 4; lastKnownFileType = text.plist.xml; path = docset.plist; sourceTree = "<group>"; };
		65D4ABD110D512C0003E356D /* DCDMNode.h */ = {isa = PBXFileReference; fileEncoding = 4; lastKnownFileType = sourcecode.c.h; path = DCDMNode.h; sourceTree = "<group>"; };
		65DAB53410B179CE00207E87 /* DCXmlSubtreeParserDelegate.h */ = {isa = PBXFileReference; fileEncoding = 4; lastKnownFileType = sourcecode.c.h; path = DCXmlSubtreeParserDelegate.h; sourceTree = "<group>"; };
		65DAB53510B179CE00207E87 /* DCXmlSubtreeParserDelegate.m */ = {isa = PBXFileReference; fileEncoding = 4; lastKnownFileType = sourcecode.c.objc; path = DCXmlSubtreeParserDelegate.m; sourceTree = "<group>"; };
		65E646EA10955DD70055AA46 /* dXml Tests.app */ = {isa = PBXFileReference; explicitFileType = wrapper.application; includeInIndex = 0; path = "dXml Tests.app"; sourceTree = BUILT_PRODUCTS_DIR; };
		65E646EC10955DD70055AA46 /* Tests-Info.plist */ = {isa = PBXFileReference; lastKnownFileType = text.plist.xml; path = "Tests-Info.plist"; sourceTree = "<group>"; };
		65E647EC10955FCA0055AA46 /* CoreGraphics.framework */ = {isa = PBXFileReference; lastKnownFileType = wrapper.framework; name = CoreGraphics.framework; path = System/Library/Frameworks/CoreGraphics.framework; sourceTree = SDKROOT; };
		65F07E4F10D5E7AE0057AD6C /* DCDMNode.m */ = {isa = PBXFileReference; fileEncoding = 4; lastKnownFileType = sourcecode.c.objc; path = DCDMNode.m; sourceTree = "<group>"; };
		65F4613710941762008AF68E /* DCXmlParser.h */ = {isa = PBXFileReference; fileEncoding = 4; lastKnownFileType = sourcecode.c.h; path = DCXmlParser.h; sourceTree = "<group>"; };
		65F4613910941768008AF68E /* DCXmlParser.m */ = {isa = PBXFileReference; fileEncoding = 4; lastKnownFileType = sourcecode.c.objc; path = DCXmlParser.m; sourceTree = "<group>"; };
		65F461501094190D008AF68E /* XmlNodeTests.m */ = {isa = PBXFileReference; fileEncoding = 4; lastKnownFileType = sourcecode.c.objc; path = XmlNodeTests.m; sourceTree = "<group>"; };
		65F7480E10BB9B330030ABA4 /* DCXmlNamespace.h */ = {isa = PBXFileReference; fileEncoding = 4; lastKnownFileType = sourcecode.c.h; path = DCXmlNamespace.h; sourceTree = "<group>"; };
		65F7480F10BB9B330030ABA4 /* DCXmlNamespace.m */ = {isa = PBXFileReference; fileEncoding = 4; lastKnownFileType = sourcecode.c.objc; path = DCXmlNamespace.m; sourceTree = "<group>"; };
		65FC46D610BDF68E0094492E /* XmlSubtreeParserDelegateTests.m */ = {isa = PBXFileReference; fileEncoding = 4; lastKnownFileType = sourcecode.c.objc; path = XmlSubtreeParserDelegateTests.m; sourceTree = "<group>"; };
		65FC480910BE2C790094492E /* DCSoapWebServiceConnection.h */ = {isa = PBXFileReference; fileEncoding = 4; lastKnownFileType = sourcecode.c.h; path = DCSoapWebServiceConnection.h; sourceTree = "<group>"; };
		65FC480A10BE2C790094492E /* DCSoapWebServiceConnection.m */ = {isa = PBXFileReference; fileEncoding = 4; lastKnownFileType = sourcecode.c.objc; path = DCSoapWebServiceConnection.m; sourceTree = "<group>"; };
		65FC480E10BE2EA90094492E /* DCWebServiceResponse.h */ = {isa = PBXFileReference; fileEncoding = 4; lastKnownFileType = sourcecode.c.h; path = DCWebServiceResponse.h; sourceTree = "<group>"; };
		65FC480F10BE2EA90094492E /* DCWebServiceResponse.m */ = {isa = PBXFileReference; fileEncoding = 4; lastKnownFileType = sourcecode.c.objc; path = DCWebServiceResponse.m; sourceTree = "<group>"; };
		65FC482010BE30850094492E /* WebServiceResponseTests.m */ = {isa = PBXFileReference; fileEncoding = 4; lastKnownFileType = sourcecode.c.objc; path = WebServiceResponseTests.m; sourceTree = "<group>"; };
		AA747D9E0F9514B9006C5449 /* dXml_Prefix.pch */ = {isa = PBXFileReference; fileEncoding = 4; lastKnownFileType = sourcecode.c.h; path = dXml_Prefix.pch; sourceTree = SOURCE_ROOT; };
		AACBBE490F95108600F1A2B1 /* Foundation.framework */ = {isa = PBXFileReference; lastKnownFileType = wrapper.framework; name = Foundation.framework; path = System/Library/Frameworks/Foundation.framework; sourceTree = SDKROOT; };
		D2AAC07E0554694100DB518D /* libdXml.a */ = {isa = PBXFileReference; explicitFileType = archive.ar; includeInIndex = 0; path = libdXml.a; sourceTree = BUILT_PRODUCTS_DIR; };
/* End PBXFileReference section */

/* Begin PBXFrameworksBuildPhase section */
		654EE4B610FB638B0023F57D /* Frameworks */ = {
			isa = PBXFrameworksBuildPhase;
			buildActionMask = 2147483647;
			files = (
				654EE4ED10FB64760023F57D /* libGHUnitIPhone3_0.a in Frameworks */,
				654EE4C610FB64220023F57D /* OCMock.framework in Frameworks */,
				654EE4C110FB63F70023F57D /* CoreGraphics.framework in Frameworks */,
				654EE4C310FB63F70023F57D /* Foundation.framework in Frameworks */,
				654EE4C510FB63F70023F57D /* UIKit.framework in Frameworks */,
			);
			runOnlyForDeploymentPostprocessing = 0;
		};
		65E646E810955DD70055AA46 /* Frameworks */ = {
			isa = PBXFrameworksBuildPhase;
			buildActionMask = 2147483647;
			files = (
				655E153910CE0DE100D8E6D1 /* UIKit.framework in Frameworks */,
				655E153A10CE0DEF00D8E6D1 /* libGHUnitIPhone3_0.a in Frameworks */,
				65B947DB10CE214E00F7B4D4 /* OCMock.framework in Frameworks */,
				65D4AACA10D21FCA003E356D /* CoreGraphics.framework in Frameworks */,
				65D4AB1810D21FD4003E356D /* Foundation.framework in Frameworks */,
			);
			runOnlyForDeploymentPostprocessing = 0;
		};
		D2AAC07C0554694100DB518D /* Frameworks */ = {
			isa = PBXFrameworksBuildPhase;
			buildActionMask = 2147483647;
			files = (
				AACBBE4A0F95108600F1A2B1 /* Foundation.framework in Frameworks */,
			);
			runOnlyForDeploymentPostprocessing = 0;
		};
/* End PBXFrameworksBuildPhase section */

/* Begin PBXGroup section */
		034768DFFF38A50411DB9C8B /* Products */ = {
			isa = PBXGroup;
			children = (
				D2AAC07E0554694100DB518D /* libdXml.a */,
				65E646EA10955DD70055AA46 /* dXml Tests.app */,
				654EE4B810FB638B0023F57D /* dXml Integration Tests.app */,
			);
			name = Products;
			sourceTree = "<group>";
		};
		0867D691FE84028FC02AAC07 /* dXml */ = {
			isa = PBXGroup;
			children = (
				659F700610F7024600822900 /* ReadMe.markdown */,
				654EE4AD10FB5CF60023F57D /* ChangeLog.markdown */,
				08FB77AEFE84172EC02AAC07 /* code */,
				0867D69AFE84028FC02AAC07 /* Frameworks */,
				32C88DFF0371C24200C91783 /* Other Sources */,
				034768DFFF38A50411DB9C8B /* Products */,
				65E646EC10955DD70055AA46 /* Tests-Info.plist */,
				65F460C810941073008AF68E /* Unit Tests */,
				654EE4F910FB66BE0023F57D /* Integration Tests */,
				654EE4C010FB63F70023F57D /* CoreGraphics.framework */,
				654EE4C210FB63F70023F57D /* Foundation.framework */,
				654EE4C410FB63F70023F57D /* UIKit.framework */,
			);
			name = dXml;
			sourceTree = "<group>";
		};
		0867D69AFE84028FC02AAC07 /* Frameworks */ = {
			isa = PBXGroup;
			children = (
				65E647EC10955FCA0055AA46 /* CoreGraphics.framework */,
				AACBBE490F95108600F1A2B1 /* Foundation.framework */,
				65B947DA10CE214E00F7B4D4 /* OCMock.framework */,
				655E14F710CE0D7F00D8E6D1 /* UIKit.framework */,
				655E14D110CE0B4100D8E6D1 /* Unit Testing Framework */,
			);
			name = Frameworks;
			sourceTree = "<group>";
		};
		08FB77AEFE84172EC02AAC07 /* code */ = {
			isa = PBXGroup;
			children = (
				65D0922510B913440061CC61 /* impl */,
				65FC480910BE2C790094492E /* DCSoapWebServiceConnection.h */,
				65FC480A10BE2C790094492E /* DCSoapWebServiceConnection.m */,
				65F4613710941762008AF68E /* DCXmlParser.h */,
				65F4613910941768008AF68E /* DCXmlParser.m */,
			);
			name = code;
			path = src/code;
			sourceTree = "<group>";
		};
		32C88DFF0371C24200C91783 /* Other Sources */ = {
			isa = PBXGroup;
			children = (
				65D4AA4510D20FA7003E356D /* docset.plist */,
				AA747D9E0F9514B9006C5449 /* dXml_Prefix.pch */,
				65CA5B82110566ED00BAB73A /* License.markdown */,
			);
			name = "Other Sources";
			sourceTree = "<group>";
		};
		65320BB310BCF0FD0056BDDF /* Document Model */ = {
			isa = PBXGroup;
			children = (
				65160817109AA0FF002BE0D0 /* XmlAttributeTests.m */,
				65F461501094190D008AF68E /* XmlNodeTests.m */,
				6568477910D669080031C348 /* TextNodeTests.m */,
				6568478B10D66A6D0031C348 /* XmlNamespaceTests.m */,
			);
			name = "Document Model";
			sourceTree = "<group>";
		};
		654EE4F910FB66BE0023F57D /* Integration Tests */ = {
			isa = PBXGroup;
			children = (
				654EE4FA10FB66F00023F57D /* impl */,
				655E111710CCC1E500D8E6D1 /* SoapWebserviceIntegrationTests.m */,
				655E114B10CCC51900D8E6D1 /* IntegrationTestDefaults.h */,
			);
			name = "Integration Tests";
			sourceTree = "<group>";
		};
		654EE4FA10FB66F00023F57D /* impl */ = {
			isa = PBXGroup;
			children = (
				655E114610CCC4A400D8E6D1 /* UrlConnectionIntegrationTests.m */,
			);
			name = impl;
			sourceTree = "<group>";
		};
		655E14D110CE0B4100D8E6D1 /* Unit Testing Framework */ = {
			isa = PBXGroup;
			children = (
				6506F78010CE0E610095E6D7 /* GHUnit.h */,
				655E14D210CE0B8000D8E6D1 /* GHAsyncTestCase.h */,
				655E14D310CE0B8000D8E6D1 /* GHTest.h */,
				655E14D410CE0B8000D8E6D1 /* GHTestCase.h */,
				655E14D510CE0B8000D8E6D1 /* GHTestGroup.h */,
				655E14D610CE0B8000D8E6D1 /* GHTesting.h */,
				655E14D710CE0B8000D8E6D1 /* GHTestMacros.h */,
				655E14D810CE0B8000D8E6D1 /* GHTestRunner.h */,
				655E14D910CE0B8000D8E6D1 /* GHTestSuite.h */,
				655E14DA10CE0B8000D8E6D1 /* GHUnitIPhoneAppDelegate.h */,
				655E14DB10CE0B8000D8E6D1 /* GHUnitIPhoneTestMain.m */,
				655E14DC10CE0B8000D8E6D1 /* GHUNSObject+Swizzle.h */,
				655E14DD10CE0B8000D8E6D1 /* libGHUnitIPhone3_0.a */,
				655E14DE10CE0B8000D8E6D1 /* NSException+GHTestFailureExceptions.h */,
				655E14DF10CE0B8000D8E6D1 /* NSValue+GHValueFormatter.h */,
			);
			name = "Unit Testing Framework";
			sourceTree = "<group>";
		};
		65C4F65C10C891C9009DB40E /* Security */ = {
			isa = PBXGroup;
			children = (
				65C4F68210C8A1DE009DB40E /* DCNoSecurity.h */,
				65C4F68310C8A1DE009DB40E /* DCNoSecurity.m */,
				65C4F65F10C8923D009DB40E /* DCSecurity.h */,
				65C4F82D10C8DEC1009DB40E /* DCSecurity.m */,
				65C4F6E710C8B69E009DB40E /* DCUseridPasswordSecurity.h */,
				65C4F6E810C8B69E009DB40E /* DCUseridPasswordSecurity.m */,
			);
			name = Security;
			sourceTree = "<group>";
		};
		65C4F6B110C8B3B9009DB40E /* Security */ = {
			isa = PBXGroup;
			children = (
				65C4F6B410C8B3DB009DB40E /* SecurityTests.m */,
				65C4F71310C8B856009DB40E /* UseridPasswordSecurityTests.m */,
			);
			name = Security;
			sourceTree = "<group>";
		};
		65D0922510B913440061CC61 /* impl */ = {
			isa = PBXGroup;
			children = (
				65D4ABCE10D5126F003E356D /* Document Model */,
				65D0951510BA435A0061CC61 /* dXml.h */,
				656049F111047D0400BE761F /* NSError+SoapFault.h */,
				656049F211047D0400BE761F /* NSError+SoapFault.m */,
				65C4F72010C8BA5F009DB40E /* NSObject+SoapTemplates.h */,
				65C4F72110C8BA5F009DB40E /* NSObject+SoapTemplates.m */,
				65C4F65C10C891C9009DB40E /* Security */,
				655E11D810CCCFEE00D8E6D1 /* UrlConnection+NSURLConnectionDelegate.h */,
				655E11D910CCCFEE00D8E6D1 /* UrlConnection+NSURLConnectionDelegate.m */,
				65BB81A910CC82D900959C05 /* DCUrlConnection.h */,
				65BB81AA10CC82D900959C05 /* DCUrlConnection.m */,
				65FC480E10BE2EA90094492E /* DCWebServiceResponse.h */,
				65FC480F10BE2EA90094492E /* DCWebServiceResponse.m */,
				65320BAD10BCF0230056BDDF /* DCXmlDocumentParserDelegate.h */,
				65320BAE10BCF0230056BDDF /* DCXmlDocumentParserDelegate.m */,
				65DAB53410B179CE00207E87 /* DCXmlSubtreeParserDelegate.h */,
				65DAB53510B179CE00207E87 /* DCXmlSubtreeParserDelegate.m */,
			);
			includeInIndex = 1;
			name = impl;
			sourceTree = "<group>";
			wrapsLines = 1;
		};
		65D0922A10B92B180061CC61 /* impl */ = {
			isa = PBXGroup;
			children = (
				65320BB310BCF0FD0056BDDF /* Document Model */,
				65C4F6B110C8B3B9009DB40E /* Security */,
				655E147410CE06C500D8E6D1 /* UrlConnection+NSURLConnectionDelegateTests.m */,
				655E110010CCAFCC00D8E6D1 /* UrlConnectionTests.m */,
				65FC482010BE30850094492E /* WebServiceResponseTests.m */,
				65D0922D10B92B2E0061CC61 /* XmlDocumentParserDelegateTests.m */,
				65FC46D610BDF68E0094492E /* XmlSubtreeParserDelegateTests.m */,
				65CA5BC01105872D00BAB73A /* NSError+SoapFaultTests.m */,
			);
			name = impl;
			sourceTree = "<group>";
		};
		65D4ABCE10D5126F003E356D /* Document Model */ = {
			isa = PBXGroup;
			children = (
				65D4ABD110D512C0003E356D /* DCDMNode.h */,
				65F07E4F10D5E7AE0057AD6C /* DCDMNode.m */,
				65894D1C10D515F500AF89C0 /* DCTextNode.h */,
				65894D1D10D515F500AF89C0 /* DCTextNode.m */,
				651607FE109A9D17002BE0D0 /* DCXmlAttribute.h */,
				651607FF109A9D17002BE0D0 /* DCXmlAttribute.m */,
				65160992109B0C8A002BE0D0 /* DCXmlDocument.h */,
				65160993109B0C8A002BE0D0 /* DCXmlDocument.m */,
				65F7480E10BB9B330030ABA4 /* DCXmlNamespace.h */,
				65F7480F10BB9B330030ABA4 /* DCXmlNamespace.m */,
				65894D3010D51A8D00AF89C0 /* DCXmlNode.h */,
				65894D3110D51A8D00AF89C0 /* DCXmlNode.m */,
			);
			name = "Document Model";
			sourceTree = "<group>";
		};
		65F460C810941073008AF68E /* Unit Tests */ = {
			isa = PBXGroup;
			children = (
				65D0922A10B92B180061CC61 /* impl */,
				6532522710BE4DFE00007475 /* SoapWebserviceConnectionTests.m */,
				650E72B510AADB7500CE8A8E /* XmlParserTests.m */,
			);
			name = "Unit Tests";
			path = src/tests;
			sourceTree = "<group>";
		};
/* End PBXGroup section */

/* Begin PBXHeadersBuildPhase section */
		D2AAC07A0554694100DB518D /* Headers */ = {
			isa = PBXHeadersBuildPhase;
			buildActionMask = 2147483647;
			files = (
				AA747D9F0F9514B9006C5449 /* dXml_Prefix.pch in Headers */,
				65F4613810941762008AF68E /* DCXmlParser.h in Headers */,
				65160801109A9D17002BE0D0 /* DCXmlAttribute.h in Headers */,
				65160995109B0C8A002BE0D0 /* DCXmlDocument.h in Headers */,
				65DAB53710B179CE00207E87 /* DCXmlSubtreeParserDelegate.h in Headers */,
				65D0951610BA435A0061CC61 /* dXml.h in Headers */,
				65F7481010BB9B330030ABA4 /* DCXmlNamespace.h in Headers */,
				65320BAF10BCF0230056BDDF /* DCXmlDocumentParserDelegate.h in Headers */,
				65FC480B10BE2C790094492E /* DCSoapWebServiceConnection.h in Headers */,
				65FC481010BE2EA90094492E /* DCWebServiceResponse.h in Headers */,
				65C4F66110C8923D009DB40E /* DCSecurity.h in Headers */,
				65C4F68410C8A1DE009DB40E /* DCNoSecurity.h in Headers */,
				65C4F72310C8BA5F009DB40E /* NSObject+SoapTemplates.h in Headers */,
				65BB81AC10CC82D900959C05 /* DCUrlConnection.h in Headers */,
				655E115010CCC55A00D8E6D1 /* DCUseridPasswordSecurity.h in Headers */,
				65D4ABD210D512C0003E356D /* DCDMNode.h in Headers */,
				65894D1E10D515F500AF89C0 /* DCTextNode.h in Headers */,
				65894D3210D51A8D00AF89C0 /* DCXmlNode.h in Headers */,
				65F07E2C10D5E6E30057AD6C /* UrlConnection+NSURLConnectionDelegate.h in Headers */,
				656049F411047D0400BE761F /* NSError+SoapFault.h in Headers */,
			);
			runOnlyForDeploymentPostprocessing = 0;
		};
/* End PBXHeadersBuildPhase section */

/* Begin PBXLegacyTarget section */
		656847BE10D7000B0031C348 /* Documentation */ = {
			isa = PBXLegacyTarget;
			buildArgumentsString = " -p dXml -i src/code/ -o $CONFIGURATION/v$CURRENT_PROJECT_VERSION/docs -t /Users/derek/tools/appledoc/Templates -d /Users/derek/tools/Doxygen.app/Contents/Resources/doxygen -c doxygen-appledoc.config --xhtml-bordered-issues --docset --docplist docset.plist";
			buildConfigurationList = 656847C110D700290031C348 /* Build configuration list for PBXLegacyTarget "Documentation" */;
			buildPhases = (
			);
			buildToolPath = /Users/derek/tools/appledoc/appledoc;
			buildWorkingDirectory = /Users/derek/projects/dXml;
			dependencies = (
				656847D410D701F80031C348 /* PBXTargetDependency */,
			);
			name = Documentation;
			passBuildSettingsInEnvironment = 1;
			productName = Documentation;
		};
/* End PBXLegacyTarget section */

/* Begin PBXNativeTarget section */
		654EE4B710FB638B0023F57D /* dXml Integration Tests */ = {
			isa = PBXNativeTarget;
			buildConfigurationList = 654EE4BD10FB638C0023F57D /* Build configuration list for PBXNativeTarget "dXml Integration Tests" */;
			buildPhases = (
				654EE4B510FB638B0023F57D /* Sources */,
				654EE4F010FB64EA0023F57D /* CopyFiles */,
				654EE4B610FB638B0023F57D /* Frameworks */,
			);
			buildRules = (
			);
			dependencies = (
				654EE4BF10FB63CC0023F57D /* PBXTargetDependency */,
			);
			name = "dXml Integration Tests";
			productName = "dXml Integration Tests";
			productReference = 654EE4B810FB638B0023F57D /* dXml Integration Tests.app */;
			productType = "com.apple.product-type.application";
		};
		65E646E910955DD70055AA46 /* dXml Unit Tests */ = {
			isa = PBXNativeTarget;
			buildConfigurationList = 65E646EF10955DD80055AA46 /* Build configuration list for PBXNativeTarget "dXml Unit Tests" */;
			buildPhases = (
				65E646E710955DD70055AA46 /* Sources */,
				6506F85E10CE13260095E6D7 /* CopyFiles */,
				65E646E810955DD70055AA46 /* Frameworks */,
			);
			buildRules = (
			);
			dependencies = (
				65E646F110955DFF0055AA46 /* PBXTargetDependency */,
			);
			name = "dXml Unit Tests";
			productName = Tests;
			productReference = 65E646EA10955DD70055AA46 /* dXml Tests.app */;
			productType = "com.apple.product-type.application";
		};
		D2AAC07D0554694100DB518D /* dXml */ = {
			isa = PBXNativeTarget;
			buildConfigurationList = 1DEB921E08733DC00010E9CD /* Build configuration list for PBXNativeTarget "dXml" */;
			buildPhases = (
				D2AAC07A0554694100DB518D /* Headers */,
				D2AAC07B0554694100DB518D /* Sources */,
				D2AAC07C0554694100DB518D /* Frameworks */,
				659F701210F7029000822900 /* CopyFiles */,
			);
			buildRules = (
			);
			dependencies = (
			);
			name = dXml;
			productName = dXml;
			productReference = D2AAC07E0554694100DB518D /* libdXml.a */;
			productType = "com.apple.product-type.library.static";
		};
/* End PBXNativeTarget section */

/* Begin PBXProject section */
		0867D690FE84028FC02AAC07 /* Project object */ = {
			isa = PBXProject;
			buildConfigurationList = 1DEB922208733DC00010E9CD /* Build configuration list for PBXProject "dXml" */;
			compatibilityVersion = "Xcode 3.2";
			hasScannedForEncodings = 1;
			mainGroup = 0867D691FE84028FC02AAC07 /* dXml */;
			productRefGroup = 034768DFFF38A50411DB9C8B /* Products */;
			projectDirPath = "";
			projectRoot = "";
			targets = (
				D2AAC07D0554694100DB518D /* dXml */,
				65E646E910955DD70055AA46 /* dXml Unit Tests */,
				654EE4B710FB638B0023F57D /* dXml Integration Tests */,
				656847BE10D7000B0031C348 /* Documentation */,
				659F701410F7038600822900 /* Create distribution file */,
			);
		};
/* End PBXProject section */

/* Begin PBXShellScriptBuildPhase section */
		659F701310F7038600822900 /* ShellScript */ = {
			isa = PBXShellScriptBuildPhase;
			buildActionMask = 12;
			files = (
			);
			inputPaths = (
			);
			outputPaths = (
			);
			runOnlyForDeploymentPostprocessing = 0;
			shellPath = /bin/sh;
			shellScript = "#!/bin/sh\n\necho Building dmg of project ...\n\nFILE_DIR=\"$PROJECT_DIR/$CONFIGURATION/v$CURRENT_PROJECT_VERSION\"\nFINAL_DMG=\"$PROJECT_DIR/$CONFIGURATION/$PROJECT-$CURRENT_PROJECT_VERSION.dmg\"\n\nhdiutil create \"$FINAL_DMG\" -ov -srcdir $FILE_DIR -volname \"$PROJECT_NAME v$CURRENT_PROJECT_VERSION\" -attach\n\necho done.";
		};
/* End PBXShellScriptBuildPhase section */

/* Begin PBXSourcesBuildPhase section */
		654EE4B510FB638B0023F57D /* Sources */ = {
			isa = PBXSourcesBuildPhase;
			buildActionMask = 2147483647;
			files = (
				654EE4FB10FB671B0023F57D /* UrlConnectionIntegrationTests.m in Sources */,
				654EE4FC10FB67240023F57D /* SoapWebserviceIntegrationTests.m in Sources */,
				654EE4FD10FB678E0023F57D /* DCDMNode.m in Sources */,
				654EE4FE10FB678E0023F57D /* DCTextNode.m in Sources */,
				654EE4FF10FB678E0023F57D /* DCXmlAttribute.m in Sources */,
				654EE50010FB678E0023F57D /* DCXmlDocument.m in Sources */,
				654EE50110FB678E0023F57D /* DCXmlNamespace.m in Sources */,
				654EE50210FB678E0023F57D /* DCXmlNode.m in Sources */,
				654EE50310FB678E0023F57D /* NSObject+SoapTemplates.m in Sources */,
				654EE50410FB678E0023F57D /* DCNoSecurity.m in Sources */,
				654EE50510FB678E0023F57D /* DCSecurity.m in Sources */,
				654EE50610FB678E0023F57D /* DCUseridPasswordSecurity.m in Sources */,
				654EE50710FB678E0023F57D /* UrlConnection+NSURLConnectionDelegate.m in Sources */,
				654EE50810FB678E0023F57D /* DCUrlConnection.m in Sources */,
				654EE50C10FB678E0023F57D /* DCWebServiceResponse.m in Sources */,
				654EE50D10FB678E0023F57D /* DCXmlDocumentParserDelegate.m in Sources */,
				654EE50F10FB678E0023F57D /* DCXmlSubtreeParserDelegate.m in Sources */,
				654EE51010FB678E0023F57D /* DCSoapWebServiceConnection.m in Sources */,
				654EE51110FB678E0023F57D /* DCXmlParser.m in Sources */,
				65BCF50710FC2D7400540193 /* GHUnitIPhoneTestMain.m in Sources */,
				656049F611047D0400BE761F /* NSError+SoapFault.m in Sources */,
			);
			runOnlyForDeploymentPostprocessing = 0;
		};
		65E646E710955DD70055AA46 /* Sources */ = {
			isa = PBXSourcesBuildPhase;
			buildActionMask = 2147483647;
			files = (
				65E6488D1095B7A40055AA46 /* XmlNodeTests.m in Sources */,
				6516081A109AA0FF002BE0D0 /* XmlAttributeTests.m in Sources */,
				650E72B610AADB7500CE8A8E /* XmlParserTests.m in Sources */,
				65D0923010B92B2E0061CC61 /* XmlDocumentParserDelegateTests.m in Sources */,
				65FC46D810BDF68E0094492E /* XmlSubtreeParserDelegateTests.m in Sources */,
				65FC482110BE30850094492E /* WebServiceResponseTests.m in Sources */,
				6532522810BE4DFE00007475 /* SoapWebserviceConnectionTests.m in Sources */,
				65C4F6B510C8B3DB009DB40E /* SecurityTests.m in Sources */,
				65C4F71410C8B856009DB40E /* UseridPasswordSecurityTests.m in Sources */,
				655E114D10CCC52B00D8E6D1 /* UrlConnectionTests.m in Sources */,
				655E147510CE06C500D8E6D1 /* UrlConnection+NSURLConnectionDelegateTests.m in Sources */,
				655E14E010CE0B8000D8E6D1 /* GHUnitIPhoneTestMain.m in Sources */,
				6568477B10D669080031C348 /* TextNodeTests.m in Sources */,
				6568478D10D66A6D0031C348 /* XmlNamespaceTests.m in Sources */,
				6568497310D73EA60031C348 /* UrlConnection+NSURLConnectionDelegate.m in Sources */,
				6568497510D73EA70031C348 /* DCSecurity.m in Sources */,
				6568497610D73EA80031C348 /* DCDMNode.m in Sources */,
				6568497710D73EA90031C348 /* DCTextNode.m in Sources */,
				6568497810D73EA90031C348 /* DCXmlParser.m in Sources */,
				6568497910D73EAA0031C348 /* DCWebServiceResponse.m in Sources */,
				6568497A10D73EAA0031C348 /* DCUrlConnection.m in Sources */,
				6568497B10D73EAB0031C348 /* DCXmlNamespace.m in Sources */,
				6568497C10D73EAD0031C348 /* DCUseridPasswordSecurity.m in Sources */,
				6568497D10D73EAD0031C348 /* NSObject+SoapTemplates.m in Sources */,
				6568497E10D73EAE0031C348 /* DCXmlDocumentParserDelegate.m in Sources */,
				6568497F10D73EAE0031C348 /* DCXmlAttribute.m in Sources */,
				6568498010D73EAF0031C348 /* DCXmlNode.m in Sources */,
				6568498110D73EB00031C348 /* DCNoSecurity.m in Sources */,
				6568498310D73EB20031C348 /* DCSoapWebServiceConnection.m in Sources */,
				6568498410D73EB30031C348 /* DCXmlDocument.m in Sources */,
				6568498510D73EB40031C348 /* DCXmlSubtreeParserDelegate.m in Sources */,
				656049F311047D0400BE761F /* NSError+SoapFault.m in Sources */,
				65CA5BC11105872D00BAB73A /* NSError+SoapFaultTests.m in Sources */,
			);
			runOnlyForDeploymentPostprocessing = 0;
		};
		D2AAC07B0554694100DB518D /* Sources */ = {
			isa = PBXSourcesBuildPhase;
			buildActionMask = 2147483647;
			files = (
				65F4613B10941768008AF68E /* DCXmlParser.m in Sources */,
				65160802109A9D17002BE0D0 /* DCXmlAttribute.m in Sources */,
				65160996109B0C8A002BE0D0 /* DCXmlDocument.m in Sources */,
				65DAB53810B179CE00207E87 /* DCXmlSubtreeParserDelegate.m in Sources */,
				65F7481110BB9B330030ABA4 /* DCXmlNamespace.m in Sources */,
				65320BB010BCF0230056BDDF /* DCXmlDocumentParserDelegate.m in Sources */,
				65FC480C10BE2C790094492E /* DCSoapWebServiceConnection.m in Sources */,
				65FC481110BE2EA90094492E /* DCWebServiceResponse.m in Sources */,
				65C4F68510C8A1DE009DB40E /* DCNoSecurity.m in Sources */,
				65C4F72410C8BA5F009DB40E /* NSObject+SoapTemplates.m in Sources */,
				65C4F82E10C8DEC1009DB40E /* DCSecurity.m in Sources */,
				65BB81AD10CC82D900959C05 /* DCUrlConnection.m in Sources */,
				655E114F10CCC55A00D8E6D1 /* DCUseridPasswordSecurity.m in Sources */,
				65894D1F10D515F500AF89C0 /* DCTextNode.m in Sources */,
				65894D3310D51A8D00AF89C0 /* DCXmlNode.m in Sources */,
				65F07E2D10D5E6E30057AD6C /* UrlConnection+NSURLConnectionDelegate.m in Sources */,
				65F07E5010D5E7AE0057AD6C /* DCDMNode.m in Sources */,
				656049F511047D0400BE761F /* NSError+SoapFault.m in Sources */,
			);
			runOnlyForDeploymentPostprocessing = 0;
		};
/* End PBXSourcesBuildPhase section */

/* Begin PBXTargetDependency section */
		654EE4BF10FB63CC0023F57D /* PBXTargetDependency */ = {
			isa = PBXTargetDependency;
			target = D2AAC07D0554694100DB518D /* dXml */;
			targetProxy = 654EE4BE10FB63CC0023F57D /* PBXContainerItemProxy */;
		};
		656847D410D701F80031C348 /* PBXTargetDependency */ = {
			isa = PBXTargetDependency;
			target = 65E646E910955DD70055AA46 /* dXml Unit Tests */;
			targetProxy = 656847D310D701F80031C348 /* PBXContainerItemProxy */;
		};
		659F70D010F858E500822900 /* PBXTargetDependency */ = {
			isa = PBXTargetDependency;
			target = 656847BE10D7000B0031C348 /* Documentation */;
			targetProxy = 659F70CF10F858E500822900 /* PBXContainerItemProxy */;
		};
		65E646F110955DFF0055AA46 /* PBXTargetDependency */ = {
			isa = PBXTargetDependency;
			target = D2AAC07D0554694100DB518D /* dXml */;
			targetProxy = 65E646F010955DFF0055AA46 /* PBXContainerItemProxy */;
		};
/* End PBXTargetDependency section */

/* Begin XCBuildConfiguration section */
		1DEB921F08733DC00010E9CD /* Debug */ = {
			isa = XCBuildConfiguration;
			buildSettings = {
				ALWAYS_SEARCH_USER_PATHS = NO;
				ARCHS = "$(ARCHS_STANDARD_32_BIT)";
				BUILD_STYLE = Debug;
				COPY_PHASE_STRIP = NO;
				DSTROOT = /tmp/dXml.dst;
				FRAMEWORK_SEARCH_PATHS = (
					"$(inherited)",
					"\"$(DEVELOPER_FRAMEWORKS_DIR)\"",
				);
				GCC_DYNAMIC_NO_PIC = NO;
				GCC_ENABLE_FIX_AND_CONTINUE = YES;
				GCC_MODEL_TUNING = G5;
				GCC_OPTIMIZATION_LEVEL = 0;
				GCC_PRECOMPILE_PREFIX_HEADER = YES;
				GCC_PREFIX_HEADER = dXml_Prefix.pch;
				INSTALL_PATH = /usr/local/lib;
				PRODUCT_NAME = dXml;
			};
			name = Debug;
		};
		1DEB922008733DC00010E9CD /* Release */ = {
			isa = XCBuildConfiguration;
			buildSettings = {
				ALWAYS_SEARCH_USER_PATHS = NO;
				ARCHS = "$(ARCHS_STANDARD_32_BIT)";
				BUILD_STYLE = Release;
				DEPLOYMENT_LOCATION = YES;
				DEPLOYMENT_POSTPROCESSING = YES;
				DSTROOT = "$(CONFIGURATION)";
				EXECUTABLE_PREFIX = lib_;
				FRAMEWORK_SEARCH_PATHS = (
					"$(inherited)",
					"\"$(DEVELOPER_FRAMEWORKS_DIR)\"",
				);
				GCC_MODEL_TUNING = G5;
				GCC_PRECOMPILE_PREFIX_HEADER = YES;
				GCC_PREFIX_HEADER = dXml_Prefix.pch;
				INSTALL_PATH = "/v$(CURRENT_PROJECT_VERSION)";
				MACOSX_DEPLOYMENT_TARGET = 10.6;
				PRODUCT_NAME = dXml;
				PUBLIC_HEADERS_FOLDER_PATH = "/v$(CURRENT_PROJECT_VERSION)";
			};
			name = Release;
		};
		1DEB922308733DC00010E9CD /* Debug */ = {
			isa = XCBuildConfiguration;
			buildSettings = {
				ARCHS = "$(ARCHS_STANDARD_32_BIT)";
				BUILD_STYLE = Debug;
				CURRENT_PROJECT_VERSION = 0.1.0;
				DEPLOYMENT_LOCATION = NO;
				GCC_C_LANGUAGE_STANDARD = c99;
				GCC_OPTIMIZATION_LEVEL = 0;
				GCC_PREPROCESSOR_DEFINITIONS = (
					DHC_LOG_DEALLOCS,
					DHC_DEBUG,
				);
				GCC_VERSION = "";
				GCC_WARN_ABOUT_MISSING_PROTOTYPES = NO;
				GCC_WARN_ABOUT_RETURN_TYPE = YES;
				GCC_WARN_CHECK_SWITCH_STATEMENTS = YES;
				GCC_WARN_MISSING_PARENTHESES = YES;
				GCC_WARN_MULTIPLE_DEFINITION_TYPES_FOR_SELECTOR = NO;
				GCC_WARN_SHADOW = YES;
				GCC_WARN_UNUSED_VALUE = YES;
				GCC_WARN_UNUSED_VARIABLE = YES;
				MACOSX_DEPLOYMENT_TARGET = 10.5;
				OTHER_LDFLAGS = "-ObjC";
				PREBINDING = NO;
				RUN_CLANG_STATIC_ANALYZER = YES;
				SDKROOT = iphonesimulator3.1.2;
			};
			name = Debug;
		};
		1DEB922408733DC00010E9CD /* Release */ = {
			isa = XCBuildConfiguration;
			buildSettings = {
				ARCHS = "$(ARCHS_STANDARD_32_BIT)";
				BUILD_STYLE = Release;
				CURRENT_PROJECT_VERSION = 0.1.0;
				DEPLOYMENT_LOCATION = NO;
				DEPLOYMENT_POSTPROCESSING = NO;
				GCC_C_LANGUAGE_STANDARD = c99;
				GCC_WARN_ABOUT_MISSING_PROTOTYPES = NO;
				GCC_WARN_ABOUT_RETURN_TYPE = YES;
				GCC_WARN_CHECK_SWITCH_STATEMENTS = YES;
				GCC_WARN_MISSING_PARENTHESES = YES;
				GCC_WARN_MULTIPLE_DEFINITION_TYPES_FOR_SELECTOR = NO;
				GCC_WARN_SHADOW = YES;
				GCC_WARN_UNUSED_VALUE = YES;
				GCC_WARN_UNUSED_VARIABLE = YES;
				OTHER_LDFLAGS = "-ObjC";
				PREBINDING = NO;
				SDKROOT = iphonesimulator3.1.2;
			};
			name = Release;
		};
		654EE4BB10FB638C0023F57D /* Debug */ = {
			isa = XCBuildConfiguration;
			buildSettings = {
				ALWAYS_SEARCH_USER_PATHS = NO;
				BUILD_STYLE = Debug;
				CODE_SIGN_IDENTITY = "iPhone Developer";
				COPY_PHASE_STRIP = NO;
				FRAMEWORK_SEARCH_PATHS = (
					"$(inherited)",
					"\"$(SRCROOT)/../../tools/OCMock 1.55\"",
				);
				GCC_DYNAMIC_NO_PIC = NO;
				GCC_OPTIMIZATION_LEVEL = 0;
				GCC_PRECOMPILE_PREFIX_HEADER = YES;
				GCC_PREFIX_HEADER = "$(SYSTEM_LIBRARY_DIR)/Frameworks/UIKit.framework/Headers/UIKit.h";
				INFOPLIST_FILE = "tests-Info.plist";
				INSTALL_PATH = "$(HOME)/Applications";
				LIBRARY_SEARCH_PATHS = (
					"$(inherited)",
					"\"$(SRCROOT)/../../tools/libGHUnitIPhone3_0-0\"",
				);
				OTHER_LDFLAGS = (
					"-ObjC",
					"-framework",
					Foundation,
					"-framework",
					UIKit,
				);
				PREBINDING = NO;
				PRODUCT_NAME = "dXml Integration Tests";
				SDKROOT = iphonesimulator3.1.2;
			};
			name = Debug;
		};
		654EE4BC10FB638C0023F57D /* Release */ = {
			isa = XCBuildConfiguration;
			buildSettings = {
				ALWAYS_SEARCH_USER_PATHS = NO;
				BUILD_STYLE = Release;
				CODE_SIGN_IDENTITY = "iPhone Developer";
				COPY_PHASE_STRIP = YES;
				DEBUG_INFORMATION_FORMAT = "dwarf-with-dsym";
				FRAMEWORK_SEARCH_PATHS = (
					"$(inherited)",
					"\"$(SRCROOT)/../../tools/OCMock 1.55\"",
				);
				GCC_ENABLE_FIX_AND_CONTINUE = NO;
				GCC_PRECOMPILE_PREFIX_HEADER = YES;
				GCC_PREFIX_HEADER = "$(SYSTEM_LIBRARY_DIR)/Frameworks/UIKit.framework/Headers/UIKit.h";
				INFOPLIST_FILE = "tests-Info.plist";
				INSTALL_PATH = "$(HOME)/Applications";
				LIBRARY_SEARCH_PATHS = (
					"$(inherited)",
					"\"$(SRCROOT)/../../tools/libGHUnitIPhone3_0-0\"",
				);
				OTHER_LDFLAGS = (
					"-ObjC",
					"-framework",
					Foundation,
					"-framework",
					UIKit,
				);
				PREBINDING = NO;
				PRODUCT_NAME = "dXml Integration Tests";
				SDKROOT = iphonesimulator3.1.2;
				ZERO_LINK = NO;
			};
			name = Release;
		};
		656847BF10D7000B0031C348 /* Debug */ = {
			isa = XCBuildConfiguration;
			buildSettings = {
				BUILD_STYLE = Debug;
				COPY_PHASE_STRIP = NO;
				GCC_DYNAMIC_NO_PIC = NO;
				GCC_OPTIMIZATION_LEVEL = 0;
				PRODUCT_NAME = Documentation;
			};
			name = Debug;
		};
		656847C010D7000B0031C348 /* Release */ = {
			isa = XCBuildConfiguration;
			buildSettings = {
				BUILD_STYLE = Release;
				COPY_PHASE_STRIP = YES;
				DEBUG_INFORMATION_FORMAT = "dwarf-with-dsym";
				GCC_ENABLE_FIX_AND_CONTINUE = NO;
				PRODUCT_NAME = Documentation;
				ZERO_LINK = NO;
			};
			name = Release;
		};
		659F701510F7038600822900 /* Debug */ = {
			isa = XCBuildConfiguration;
			buildSettings = {
				BUILD_STYLE = Debug;
				COPY_PHASE_STRIP = NO;
				GCC_DYNAMIC_NO_PIC = NO;
				GCC_OPTIMIZATION_LEVEL = 0;
				PRODUCT_NAME = "Dmg results";
			};
			name = Debug;
		};
		659F701610F7038600822900 /* Release */ = {
			isa = XCBuildConfiguration;
			buildSettings = {
				BUILD_STYLE = Release;
				COPY_PHASE_STRIP = YES;
				DEBUG_INFORMATION_FORMAT = "dwarf-with-dsym";
				GCC_ENABLE_FIX_AND_CONTINUE = NO;
				PRODUCT_NAME = "Dmg results";
				ZERO_LINK = NO;
			};
			name = Release;
		};
		65E646ED10955DD80055AA46 /* Debug */ = {
			isa = XCBuildConfiguration;
			buildSettings = {
				ALWAYS_SEARCH_USER_PATHS = NO;
				BUILD_STYLE = Debug;
				CODE_SIGN_IDENTITY = "iPhone Developer";
				CONFIGURATION_BUILD_DIR = "$(PROJECT_TEMP_DIR)/$(CONFIGURATION)$(EFFECTIVE_PLATFORM_NAME)";
				COPY_PHASE_STRIP = NO;
				FRAMEWORK_SEARCH_PATHS = (
					"$(inherited)",
					"\"$(SRCROOT)/../../tools/OCMock 1.55\"",
				);
				GCC_C_LANGUAGE_STANDARD = c99;
				GCC_DYNAMIC_NO_PIC = NO;
				GCC_OPTIMIZATION_LEVEL = 0;
				GCC_PRECOMPILE_PREFIX_HEADER = YES;
				GCC_PREFIX_HEADER = "$(SYSTEM_LIBRARY_DIR)/Frameworks/UIKit.framework/Headers/UIKit.h";
				INFOPLIST_FILE = "Tests-Info.plist";
				INSTALL_PATH = "$(HOME)/Applications";
				LIBRARY_SEARCH_PATHS = (
					"$(inherited)",
					"\"$(SRCROOT)/../../tools/libGHUnitIPhone3_0-0\"",
				);
				OTHER_LDFLAGS = (
					"-framework",
					Foundation,
					"-framework",
					UIKit,
					"-ObjC",
				);
				PREBINDING = NO;
				PRODUCT_NAME = "dXml Tests";
				SDKROOT = iphonesimulator3.1.2;
			};
			name = Debug;
		};
		65E646EE10955DD80055AA46 /* Release */ = {
			isa = XCBuildConfiguration;
			buildSettings = {
				ALWAYS_SEARCH_USER_PATHS = NO;
				BUILD_STYLE = Release;
				CODE_SIGN_IDENTITY = "iPhone Developer";
				CONFIGURATION_BUILD_DIR = "$(PROJECT_TEMP_DIR)/$(CONFIGURATION)$(EFFECTIVE_PLATFORM_NAME)";
				COPY_PHASE_STRIP = YES;
				DEBUG_INFORMATION_FORMAT = "dwarf-with-dsym";
				FRAMEWORK_SEARCH_PATHS = (
					"$(inherited)",
					"\"$(SRCROOT)/../../tools/OCMock 1.55\"",
				);
				GCC_ENABLE_FIX_AND_CONTINUE = NO;
				GCC_PRECOMPILE_PREFIX_HEADER = YES;
				GCC_PREFIX_HEADER = "$(SYSTEM_LIBRARY_DIR)/Frameworks/UIKit.framework/Headers/UIKit.h";
				INFOPLIST_FILE = "Tests-Info.plist";
				INSTALL_PATH = "$(HOME)/Applications";
				LIBRARY_SEARCH_PATHS = (
					"$(inherited)",
					"\"$(SRCROOT)/../../tools/libGHUnitIPhone3_0-0\"",
				);
				OTHER_LDFLAGS = (
					"-framework",
					Foundation,
					"-framework",
					UIKit,
					"-ObjC",
				);
				PREBINDING = NO;
				PRODUCT_NAME = "dXml Tests";
				SDKROOT = iphonesimulator3.1.2;
				ZERO_LINK = NO;
			};
			name = Release;
		};
/* End XCBuildConfiguration section */

/* Begin XCConfigurationList section */
		1DEB921E08733DC00010E9CD /* Build configuration list for PBXNativeTarget "dXml" */ = {
			isa = XCConfigurationList;
			buildConfigurations = (
				1DEB921F08733DC00010E9CD /* Debug */,
				1DEB922008733DC00010E9CD /* Release */,
			);
			defaultConfigurationIsVisible = 0;
			defaultConfigurationName = Release;
		};
		1DEB922208733DC00010E9CD /* Build configuration list for PBXProject "dXml" */ = {
			isa = XCConfigurationList;
			buildConfigurations = (
				1DEB922308733DC00010E9CD /* Debug */,
				1DEB922408733DC00010E9CD /* Release */,
			);
			defaultConfigurationIsVisible = 0;
			defaultConfigurationName = Release;
		};
		654EE4BD10FB638C0023F57D /* Build configuration list for PBXNativeTarget "dXml Integration Tests" */ = {
			isa = XCConfigurationList;
			buildConfigurations = (
				654EE4BB10FB638C0023F57D /* Debug */,
				654EE4BC10FB638C0023F57D /* Release */,
			);
			defaultConfigurationIsVisible = 0;
			defaultConfigurationName = Release;
		};
		656847C110D700290031C348 /* Build configuration list for PBXLegacyTarget "Documentation" */ = {
			isa = XCConfigurationList;
			buildConfigurations = (
				656847BF10D7000B0031C348 /* Debug */,
				656847C010D7000B0031C348 /* Release */,
			);
			defaultConfigurationIsVisible = 0;
			defaultConfigurationName = Release;
		};
		659F701710F703A500822900 /* Build configuration list for PBXAggregateTarget "Create distribution file" */ = {
			isa = XCConfigurationList;
			buildConfigurations = (
				659F701510F7038600822900 /* Debug */,
				659F701610F7038600822900 /* Release */,
			);
			defaultConfigurationIsVisible = 0;
			defaultConfigurationName = Release;
		};
		65E646EF10955DD80055AA46 /* Build configuration list for PBXNativeTarget "dXml Unit Tests" */ = {
			isa = XCConfigurationList;
			buildConfigurations = (
				65E646ED10955DD80055AA46 /* Debug */,
				65E646EE10955DD80055AA46 /* Release */,
			);
			defaultConfigurationIsVisible = 0;
			defaultConfigurationName = Release;
		};
/* End XCConfigurationList section */
	};
	rootObject = 0867D690FE84028FC02AAC07 /* Project object */;
}
